
Microsoft Visual Studio Solution File, Format Version 12.00
# Visual Studio Version 16
VisualStudioVersion = 16.0.30804.86
MinimumVisualStudioVersion = 10.0.40219.1
Project("{8BC9CEB8-8B4A-11D0-8D11-00A0C91BC942}") = "ProcSDF", "ProcSDF\ProcSDF.vcxproj", "{3E5A01EB-E5C6-44A9-B36A-73618B652561}"
EndProject
Global
	GlobalSection(SolutionConfigurationPlatforms) = preSolution
		Debug|x64 = Debug|x64
		Debug|x86 = Debug|x86
		Release|x64 = Release|x64
		Release|x86 = Release|x86
	EndGlobalSection
	GlobalSection(ProjectConfigurationPlatforms) = postSolution
		{3E5A01EB-E5C6-44A9-B36A-73618B652561}.Debug|x64.ActiveCfg = Debug|x64
		{3E5A01EB-E5C6-44A9-B36A-73618B652561}.Debug|x64.Build.0 = Debug|x64
		{3E5A01EB-E5C6-44A9-B36A-73618B652561}.Debug|x86.ActiveCfg = Debug|Win32
		{3E5A01EB-E5C6-44A9-B36A-73618B652561}.Debug|x86.Build.0 = Debug|Win32
		{3E5A01EB-E5C6-44A9-B36A-73618B652561}.Release|x64.ActiveCfg = Release|x64
		{3E5A01EB-E5C6-44A9-B36A-73618B652561}.Release|x64.Build.0 = Release|x64
		{3E5A01EB-E5C6-44A9-B36A-73618B652561}.Release|x86.ActiveCfg = Release|Win32
		{3E5A01EB-E5C6-44A9-B36A-73618B652561}.Release|x86.Build.0 = Release|Win32
	EndGlobalSection
	GlobalSection(SolutionProperties) = preSolution
		HideSolutionNode = FALSE
	EndGlobalSection
	GlobalSection(ExtensibilityGlobals) = postSolution
		SolutionGuid = {00E72FBB-F2D6-4565-A8B0-FBE29D8316BC}
	EndGlobalSection
EndGlobal
