<?xml version="1.0" encoding="utf-8"?>
<Project ToolsVersion="4.0" xmlns="http://schemas.microsoft.com/developer/msbuild/2003">
  <ItemGroup>
    <Filter Include="Source Files">
      <UniqueIdentifier>{4FC737F1-C7A5-4376-A066-2A32D752A2FF}</UniqueIdentifier>
      <Extensions>cpp;c;cc;cxx;c++;cppm;ixx;def;odl;idl;hpj;bat;asm;asmx</Extensions>
    </Filter>
    <Filter Include="Header Files">
      <UniqueIdentifier>{93995380-89BD-4b04-88EB-625FBE52EBFB}</UniqueIdentifier>
      <Extensions>h;hh;hpp;hxx;h++;hm;inl;inc;ipp;xsd</Extensions>
    </Filter>
    <Filter Include="Resource Files">
      <UniqueIdentifier>{67DA6AB6-F800-4c08-8B7A-83BB121AAD01}</UniqueIdentifier>
      <Extensions>rc;ico;cur;bmp;dlg;rc2;rct;bin;rgs;gif;jpg;jpeg;jpe;resx;tiff;tif;png;wav;mfcribbon-ms</Extensions>
    </Filter>
    <Filter Include="Source Files\Vendor">
      <UniqueIdentifier>{84e77b53-becd-4eeb-b308-100ae29c2e14}</UniqueIdentifier>
    </Filter>
    <Filter Include="Source Files\Vendor\ImGUI">
      <UniqueIdentifier>{a1d038f1-c621-4b1b-8559-c0e0c03702b9}</UniqueIdentifier>
    </Filter>
    <Filter Include="Source Files\Vendor\Glad">
      <UniqueIdentifier>{cfb5e5ae-3eca-4d88-8d8f-5d3b5d08655d}</UniqueIdentifier>
    </Filter>
    <Filter Include="Source Files\Rendering">
      <UniqueIdentifier>{3b44741b-814d-4b9c-9096-6dde4a65f308}</UniqueIdentifier>
    </Filter>
    <Filter Include="Source Files\Utilities">
      <UniqueIdentifier>{d823201f-be59-4f79-8b8b-2eeaba30337b}</UniqueIdentifier>
    </Filter>
    <Filter Include="Source Files\GUI">
      <UniqueIdentifier>{9aef322f-72cd-41df-bcc0-cb4b2a20f9d6}</UniqueIdentifier>
    </Filter>
  </ItemGroup>
  <ItemGroup>
    <ClCompile Include="Main.cpp">
      <Filter>Source Files</Filter>
    </ClCompile>
    <ClCompile Include="Vendor\Include\ImGUI\imgui.cpp">
      <Filter>Source Files\Vendor\ImGUI</Filter>
    </ClCompile>
    <ClCompile Include="Vendor\Include\ImGUI\imgui_demo.cpp">
      <Filter>Source Files\Vendor\ImGUI</Filter>
    </ClCompile>
    <ClCompile Include="Vendor\Include\ImGUI\imgui_draw.cpp">
      <Filter>Source Files\Vendor\ImGUI</Filter>
    </ClCompile>
    <ClCompile Include="Vendor\Include\ImGUI\imgui_impl_glfw.cpp">
      <Filter>Source Files\Vendor\ImGUI</Filter>
    </ClCompile>
    <ClCompile Include="Vendor\Include\ImGUI\imgui_impl_opengl3.cpp">
      <Filter>Source Files\Vendor\ImGUI</Filter>
    </ClCompile>
    <ClCompile Include="Vendor\Include\ImGUI\imgui_stdlib.cpp">
      <Filter>Source Files\Vendor\ImGUI</Filter>
    </ClCompile>
    <ClCompile Include="Vendor\Include\ImGUI\imgui_tables.cpp">
      <Filter>Source Files\Vendor\ImGUI</Filter>
    </ClCompile>
    <ClCompile Include="Vendor\Include\ImGUI\imgui_widgets.cpp">
      <Filter>Source Files\Vendor\ImGUI</Filter>
    </ClCompile>
    <ClCompile Include="glad.c">
      <Filter>Source Files\Vendor\Glad</Filter>
    </ClCompile>
    <ClCompile Include="Rendering\Renderer.cpp">
      <Filter>Source Files\Rendering</Filter>
    </ClCompile>
    <ClCompile Include="GUI\GUI.cpp">
      <Filter>Source Files\GUI</Filter>
    </ClCompile>
    <ClCompile Include="Vendor\Include\ImGUI\imnodes.cpp">
      <Filter>Source Files\Vendor\ImGUI</Filter>
    </ClCompile>
    <ClCompile Include="GUI\Inspector.cpp">
      <Filter>Source Files\GUI</Filter>
    </ClCompile>
    <ClCompile Include="GUI\NodeEditor.cpp">
      <Filter>Source Files</Filter>
    </ClCompile>
    <ClCompile Include="GUI\Nodes\Node.cpp">
      <Filter>Source Files</Filter>
    </ClCompile>
    <ClCompile Include="Rendering\ShaderGenerator.cpp">
      <Filter>Source Files</Filter>
    </ClCompile>
    <ClCompile Include="GUI\NodeGraph.cpp">
      <Filter>Source Files</Filter>
    </ClCompile>
    <ClCompile Include="GUI\GuiUtilities.h">
      <Filter>Source Files</Filter>
    </ClCompile>
    <ClCompile Include="Utilities\logger.h">
      <Filter>Source Files</Filter>
    </ClCompile>
  </ItemGroup>
  <ItemGroup>
    <ClInclude Include="Rendering\Renderer.h">
      <Filter>Header Files</Filter>
    </ClInclude>
    <ClInclude Include="Utilities\ProcVec.h">
      <Filter>Header Files</Filter>
    </ClInclude>
    <ClInclude Include="GUI\Inspector.h">
      <Filter>Header Files</Filter>
    </ClInclude>
    <ClInclude Include="GUI\GUI.h">
      <Filter>Header Files</Filter>
    </ClInclude>
    <ClInclude Include="GUI\NodeEditor.h">
      <Filter>Header Files</Filter>
    </ClInclude>
    <ClInclude Include="GUI\Nodes\Node.h">
      <Filter>Header Files</Filter>
    </ClInclude>
    <ClInclude Include="Rendering\ShaderGenerator.h">
      <Filter>Header Files</Filter>
    </ClInclude>
    <ClInclude Include="GUI\NodeGraph.h">
      <Filter>Header Files</Filter>
    </ClInclude>
    <ClInclude Include="GUI\Nodes\PrimitiveNodes.h">
      <Filter>Header Files</Filter>
    </ClInclude>
    <ClInclude Include="GUI\Nodes\OperationNodes.h">
      <Filter>Header Files</Filter>
    </ClInclude>
    <ClInclude Include="GUI\Nodes\FinalNode.h">
      <Filter>Header Files</Filter>
    </ClInclude>
    <ClInclude Include="GUI\Nodes\ObjectNode.h">
      <Filter>Header Files</Filter>
    </ClInclude>
    <ClInclude Include="Constants\constant.h">
      <Filter>Header Files</Filter>
    </ClInclude>
  </ItemGroup>
  <ItemGroup>
    <None Include="Assets\Shaders\primitive.glsl" />
    <None Include="Assets\Shaders\header.glsl" />
    <None Include="Assets\Shaders\footer.glsl" />
    <None Include="Assets\Shaders\shader_reference.glsl" />
  </ItemGroup>
</Project>